// !$*UTF8*$!
{
	archiveVersion = 1;
	classes = {
	};
	objectVersion = 46;
	objects = {

/* Begin PBXBuildFile section */
		8A22D3CB1D00444A0091EFD7 /* CFDropDownMenuView.bundle in Resources */ = {isa = PBXBuildFile; fileRef = 8A22D3CA1D00444A0091EFD7 /* CFDropDownMenuView.bundle */; };
		8A4E91741CF95CC4001ED333 /* main.m in Sources */ = {isa = PBXBuildFile; fileRef = 8A4E91731CF95CC4001ED333 /* main.m */; };
		8A4E91771CF95CC4001ED333 /* AppDelegate.m in Sources */ = {isa = PBXBuildFile; fileRef = 8A4E91761CF95CC4001ED333 /* AppDelegate.m */; };
		8A4E917A1CF95CC4001ED333 /* ViewController.m in Sources */ = {isa = PBXBuildFile; fileRef = 8A4E91791CF95CC4001ED333 /* ViewController.m */; };
		8A4E917D1CF95CC4001ED333 /* Main.storyboard in Resources */ = {isa = PBXBuildFile; fileRef = 8A4E917B1CF95CC4001ED333 /* Main.storyboard */; };
		8A4E917F1CF95CC4001ED333 /* Assets.xcassets in Resources */ = {isa = PBXBuildFile; fileRef = 8A4E917E1CF95CC4001ED333 /* Assets.xcassets */; };
		8A4E91821CF95CC4001ED333 /* LaunchScreen.storyboard in Resources */ = {isa = PBXBuildFile; fileRef = 8A4E91801CF95CC4001ED333 /* LaunchScreen.storyboard */; };
		8A4E918E1CF96239001ED333 /* CFDropDownMenuView.m in Sources */ = {isa = PBXBuildFile; fileRef = 8A4E918D1CF96239001ED333 /* CFDropDownMenuView.m */; };
		8A4E91911CF9636F001ED333 /* CFLabelOnLeftButton.m in Sources */ = {isa = PBXBuildFile; fileRef = 8A4E91901CF9636F001ED333 /* CFLabelOnLeftButton.m */; };
		8A4E91951CF967AE001ED333 /* UIView+CFFrame.m in Sources */ = {isa = PBXBuildFile; fileRef = 8A4E91941CF967AE001ED333 /* UIView+CFFrame.m */; };
/* End PBXBuildFile section */

/* Begin PBXFileReference section */
		8A22D3CA1D00444A0091EFD7 /* CFDropDownMenuView.bundle */ = {isa = PBXFileReference; lastKnownFileType = "wrapper.plug-in"; path = CFDropDownMenuView.bundle; sourceTree = "<group>"; };
		8A4E916F1CF95CC4001ED333 /* CFDropDownMenuView.app */ = {isa = PBXFileReference; explicitFileType = wrapper.application; includeInIndex = 0; path = CFDropDownMenuView.app; sourceTree = BUILT_PRODUCTS_DIR; };
		8A4E91731CF95CC4001ED333 /* main.m */ = {isa = PBXFileReference; lastKnownFileType = sourcecode.c.objc; path = main.m; sourceTree = "<group>"; };
		8A4E91751CF95CC4001ED333 /* AppDelegate.h */ = {isa = PBXFileReference; lastKnownFileType = sourcecode.c.h; path = AppDelegate.h; sourceTree = "<group>"; };
		8A4E91761CF95CC4001ED333 /* AppDelegate.m */ = {isa = PBXFileReference; lastKnownFileType = sourcecode.c.objc; path = AppDelegate.m; sourceTree = "<group>"; };
		8A4E91781CF95CC4001ED333 /* ViewController.h */ = {isa = PBXFileReference; lastKnownFileType = sourcecode.c.h; path = ViewController.h; sourceTree = "<group>"; };
		8A4E91791CF95CC4001ED333 /* ViewController.m */ = {isa = PBXFileReference; lastKnownFileType = sourcecode.c.objc; path = ViewController.m; sourceTree = "<group>"; };
		8A4E917C1CF95CC4001ED333 /* Base */ = {isa = PBXFileReference; lastKnownFileType = file.storyboard; name = Base; path = Base.lproj/Main.storyboard; sourceTree = "<group>"; };
		8A4E917E1CF95CC4001ED333 /* Assets.xcassets */ = {isa = PBXFileReference; lastKnownFileType = folder.assetcatalog; path = Assets.xcassets; sourceTree = "<group>"; };
		8A4E91811CF95CC4001ED333 /* Base */ = {isa = PBXFileReference; lastKnownFileType = file.storyboard; name = Base; path = Base.lproj/LaunchScreen.storyboard; sourceTree = "<group>"; };
		8A4E91831CF95CC4001ED333 /* Info.plist */ = {isa = PBXFileReference; lastKnownFileType = text.plist.xml; path = Info.plist; sourceTree = "<group>"; };
		8A4E918C1CF96239001ED333 /* CFDropDownMenuView.h */ = {isa = PBXFileReference; fileEncoding = 4; lastKnownFileType = sourcecode.c.h; path = CFDropDownMenuView.h; sourceTree = "<group>"; };
		8A4E918D1CF96239001ED333 /* CFDropDownMenuView.m */ = {isa = PBXFileReference; fileEncoding = 4; lastKnownFileType = sourcecode.c.objc; path = CFDropDownMenuView.m; sourceTree = "<group>"; };
		8A4E918F1CF9636F001ED333 /* CFLabelOnLeftButton.h */ = {isa = PBXFileReference; fileEncoding = 4; lastKnownFileType = sourcecode.c.h; path = CFLabelOnLeftButton.h; sourceTree = "<group>"; };
		8A4E91901CF9636F001ED333 /* CFLabelOnLeftButton.m */ = {isa = PBXFileReference; fileEncoding = 4; lastKnownFileType = sourcecode.c.objc; path = CFLabelOnLeftButton.m; sourceTree = "<group>"; };
		8A4E91921CF965C1001ED333 /* CFMacro.h */ = {isa = PBXFileReference; lastKnownFileType = sourcecode.c.h; path = CFMacro.h; sourceTree = "<group>"; };
		8A4E91931CF967AE001ED333 /* UIView+CFFrame.h */ = {isa = PBXFileReference; fileEncoding = 4; lastKnownFileType = sourcecode.c.h; path = "UIView+CFFrame.h"; sourceTree = "<group>"; };
		8A4E91941CF967AE001ED333 /* UIView+CFFrame.m */ = {isa = PBXFileReference; fileEncoding = 4; lastKnownFileType = sourcecode.c.objc; path = "UIView+CFFrame.m"; sourceTree = "<group>"; };
/* End PBXFileReference section */

/* Begin PBXFrameworksBuildPhase section */
		8A4E916C1CF95CC4001ED333 /* Frameworks */ = {
			isa = PBXFrameworksBuildPhase;
			buildActionMask = 2147483647;
			files = (
			);
			runOnlyForDeploymentPostprocessing = 0;
		};
/* End PBXFrameworksBuildPhase section */

/* Begin PBXGroup section */
		8A4E91661CF95CC4001ED333 = {
			isa = PBXGroup;
			children = (
				8A4E91711CF95CC4001ED333 /* CFDropDownMenuView */,
				8A4E91701CF95CC4001ED333 /* Products */,
			);
			sourceTree = "<group>";
		};
		8A4E91701CF95CC4001ED333 /* Products */ = {
			isa = PBXGroup;
			children = (
				8A4E916F1CF95CC4001ED333 /* CFDropDownMenuView.app */,
			);
			name = Products;
			sourceTree = "<group>";
		};
		8A4E91711CF95CC4001ED333 /* CFDropDownMenuView */ = {
			isa = PBXGroup;
			children = (
				8A4E91891CF96115001ED333 /* CFDropDownMenuView */,
				8A4E91751CF95CC4001ED333 /* AppDelegate.h */,
				8A4E91761CF95CC4001ED333 /* AppDelegate.m */,
				8A4E91781CF95CC4001ED333 /* ViewController.h */,
				8A4E91791CF95CC4001ED333 /* ViewController.m */,
				8A4E917B1CF95CC4001ED333 /* Main.storyboard */,
				8A4E917E1CF95CC4001ED333 /* Assets.xcassets */,
				8A4E91801CF95CC4001ED333 /* LaunchScreen.storyboard */,
				8A4E91831CF95CC4001ED333 /* Info.plist */,
				8A4E91721CF95CC4001ED333 /* Supporting Files */,
			);
			path = CFDropDownMenuView;
			sourceTree = "<group>";
		};
		8A4E91721CF95CC4001ED333 /* Supporting Files */ = {
			isa = PBXGroup;
			children = (
				8A4E91731CF95CC4001ED333 /* main.m */,
			);
			name = "Supporting Files";
			sourceTree = "<group>";
		};
		8A4E91891CF96115001ED333 /* CFDropDownMenuView */ = {
			isa = PBXGroup;
			children = (
				8A22D3CA1D00444A0091EFD7 /* CFDropDownMenuView.bundle */,
				8A4E918A1CF96115001ED333 /* Lib */,
			);
			path = CFDropDownMenuView;
			sourceTree = "<group>";
		};
		8A4E918A1CF96115001ED333 /* Lib */ = {
			isa = PBXGroup;
			children = (
				8A4E918C1CF96239001ED333 /* CFDropDownMenuView.h */,
				8A4E918D1CF96239001ED333 /* CFDropDownMenuView.m */,
				8A4E918F1CF9636F001ED333 /* CFLabelOnLeftButton.h */,
				8A4E91901CF9636F001ED333 /* CFLabelOnLeftButton.m */,
				8A4E91921CF965C1001ED333 /* CFMacro.h */,
				8A4E91931CF967AE001ED333 /* UIView+CFFrame.h */,
				8A4E91941CF967AE001ED333 /* UIView+CFFrame.m */,
			);
			path = Lib;
			sourceTree = "<group>";
		};
/* End PBXGroup section */

/* Begin PBXNativeTarget section */
		8A4E916E1CF95CC4001ED333 /* CFDropDownMenuView */ = {
			isa = PBXNativeTarget;
			buildConfigurationList = 8A4E91861CF95CC4001ED333 /* Build configuration list for PBXNativeTarget "CFDropDownMenuView" */;
			buildPhases = (
				8A4E916B1CF95CC4001ED333 /* Sources */,
				8A4E916C1CF95CC4001ED333 /* Frameworks */,
				8A4E916D1CF95CC4001ED333 /* Resources */,
			);
			buildRules = (
			);
			dependencies = (
			);
			name = CFDropDownMenuView;
			productName = CFDropDownMenuView;
			productReference = 8A4E916F1CF95CC4001ED333 /* CFDropDownMenuView.app */;
			productType = "com.apple.product-type.application";
		};
/* End PBXNativeTarget section */

/* Begin PBXProject section */
		8A4E91671CF95CC4001ED333 /* Project object */ = {
			isa = PBXProject;
			attributes = {
				LastUpgradeCheck = 0730;
				ORGANIZATIONNAME = "陈峰";
				TargetAttributes = {
					8A4E916E1CF95CC4001ED333 = {
						CreatedOnToolsVersion = 7.3;
					};
				};
			};
			buildConfigurationList = 8A4E916A1CF95CC4001ED333 /* Build configuration list for PBXProject "CFDropDownMenuView" */;
			compatibilityVersion = "Xcode 3.2";
			developmentRegion = English;
			hasScannedForEncodings = 0;
			knownRegions = (
				en,
				Base,
			);
			mainGroup = 8A4E91661CF95CC4001ED333;
			productRefGroup = 8A4E91701CF95CC4001ED333 /* Products */;
			projectDirPath = "";
			projectRoot = "";
			targets = (
				8A4E916E1CF95CC4001ED333 /* CFDropDownMenuView */,
			);
		};
/* End PBXProject section */

/* Begin PBXResourcesBuildPhase section */
		8A4E916D1CF95CC4001ED333 /* Resources */ = {
			isa = PBXResourcesBuildPhase;
			buildActionMask = 2147483647;
			files = (
				8A4E91821CF95CC4001ED333 /* LaunchScreen.storyboard in Resources */,
				8A4E917F1CF95CC4001ED333 /* Assets.xcassets in Resources */,
				8A4E917D1CF95CC4001ED333 /* Main.storyboard in Resources */,
				8A22D3CB1D00444A0091EFD7 /* CFDropDownMenuView.bundle in Resources */,
			);
			runOnlyForDeploymentPostprocessing = 0;
		};
/* End PBXResourcesBuildPhase section */

/* Begin PBXSourcesBuildPhase section */
		8A4E916B1CF95CC4001ED333 /* Sources */ = {
			isa = PBXSourcesBuildPhase;
			buildActionMask = 2147483647;
			files = (
				8A4E917A1CF95CC4001ED333 /* ViewController.m in Sources */,
				8A4E91951CF967AE001ED333 /* UIView+CFFrame.m in Sources */,
				8A4E918E1CF96239001ED333 /* CFDropDownMenuView.m in Sources */,
				8A4E91771CF95CC4001ED333 /* AppDelegate.m in Sources */,
				8A4E91911CF9636F001ED333 /* CFLabelOnLeftButton.m in Sources */,
				8A4E91741CF95CC4001ED333 /* main.m in Sources */,
			);
			runOnlyForDeploymentPostprocessing = 0;
		};
/* End PBXSourcesBuildPhase section */

/* Begin PBXVariantGroup section */
		8A4E917B1CF95CC4001ED333 /* Main.storyboard */ = {
			isa = PBXVariantGroup;
			children = (
				8A4E917C1CF95CC4001ED333 /* Base */,
			);
			name = Main.storyboard;
			sourceTree = "<group>";
		};
		8A4E91801CF95CC4001ED333 /* LaunchScreen.storyboard */ = {
			isa = PBXVariantGroup;
			children = (
				8A4E91811CF95CC4001ED333 /* Base */,
			);
			name = LaunchScreen.storyboard;
			sourceTree = "<group>";
		};
/* End PBXVariantGroup section */

/* Begin XCBuildConfiguration section */
		8A4E91841CF95CC4001ED333 /* Debug */ = {
			isa = XCBuildConfiguration;
			buildSettings = {
				ALWAYS_SEARCH_USER_PATHS = NO;
				CLANG_ANALYZER_NONNULL = YES;
				CLANG_CXX_LANGUAGE_STANDARD = "gnu++0x";
				CLANG_CXX_LIBRARY = "libc++";
				CLANG_ENABLE_MODULES = YES;
				CLANG_ENABLE_OBJC_ARC = YES;
				CLANG_WARN_BOOL_CONVERSION = YES;
				CLANG_WARN_CONSTANT_CONVERSION = YES;
				CLANG_WARN_DIRECT_OBJC_ISA_USAGE = YES_ERROR;
				CLANG_WARN_EMPTY_BODY = YES;
				CLANG_WARN_ENUM_CONVERSION = YES;
				CLANG_WARN_INT_CONVERSION = YES;
				CLANG_WARN_OBJC_ROOT_CLASS = YES_ERROR;
				CLANG_WARN_UNREACHABLE_CODE = YES;
				CLANG_WARN__DUPLICATE_METHOD_MATCH = YES;
				"CODE_SIGN_IDENTITY[sdk=iphoneos*]" = "iPhone Developer";
				COPY_PHASE_STRIP = NO;
				DEBUG_INFORMATION_FORMAT = dwarf;
				ENABLE_STRICT_OBJC_MSGSEND = YES;
				ENABLE_TESTABILITY = YES;
				GCC_C_LANGUAGE_STANDARD = gnu99;
				GCC_DYNAMIC_NO_PIC = NO;
				GCC_NO_COMMON_BLOCKS = YES;
				GCC_OPTIMIZATION_LEVEL = 0;
				GCC_PREPROCESSOR_DEFINITIONS = (
					"DEBUG=1",
					"$(inherited)",
				);
				GCC_WARN_64_TO_32_BIT_CONVERSION = YES;
				GCC_WARN_ABOUT_RETURN_TYPE = YES_ERROR;
				GCC_WARN_UNDECLARED_SELECTOR = YES;
				GCC_WARN_UNINITIALIZED_AUTOS = YES_AGGRESSIVE;
				GCC_WARN_UNUSED_FUNCTION = YES;
				GCC_WARN_UNUSED_VARIABLE = YES;
				IPHONEOS_DEPLOYMENT_TARGET = 9.3;
				MTL_ENABLE_DEBUG_INFO = YES;
				ONLY_ACTIVE_ARCH = YES;
				SDKROOT = iphoneos;
			};
			name = Debug;
		};
		8A4E91851CF95CC4001ED333 /* Release */ = {
			isa = XCBuildConfiguration;
			buildSettings = {
				ALWAYS_SEARCH_USER_PATHS = NO;
				CLANG_ANALYZER_NONNULL = YES;
				CLANG_CXX_LANGUAGE_STANDARD = "gnu++0x";
				CLANG_CXX_LIBRARY = "libc++";
				CLANG_ENABLE_MODULES = YES;
				CLANG_ENABLE_OBJC_ARC = YES;
				CLANG_WARN_BOOL_CONVERSION = YES;
				CLANG_WARN_CONSTANT_CONVERSION = YES;
				CLANG_WARN_DIRECT_OBJC_ISA_USAGE = YES_ERROR;
				CLANG_WARN_EMPTY_BODY = YES;
				CLANG_WARN_ENUM_CONVERSION = YES;
				CLANG_WARN_INT_CONVERSION = YES;
				CLANG_WARN_OBJC_ROOT_CLASS = YES_ERROR;
				CLANG_WARN_UNREACHABLE_CODE = YES;
				CLANG_WARN__DUPLICATE_METHOD_MATCH = YES;
				"CODE_SIGN_IDENTITY[sdk=iphoneos*]" = "iPhone Developer";
				COPY_PHASE_STRIP = NO;
				DEBUG_INFORMATION_FORMAT = "dwarf-with-dsym";
				ENABLE_NS_ASSERTIONS = NO;
				ENABLE_STRICT_OBJC_MSGSEND = YES;
				GCC_C_LANGUAGE_STANDARD = gnu99;
				GCC_NO_COMMON_BLOCKS = YES;
				GCC_WARN_64_TO_32_BIT_CONVERSION = YES;
				GCC_WARN_ABOUT_RETURN_TYPE = YES_ERROR;
				GCC_WARN_UNDECLARED_SELECTOR = YES;
				GCC_WARN_UNINITIALIZED_AUTOS = YES_AGGRESSIVE;
				GCC_WARN_UNUSED_FUNCTION = YES;
				GCC_WARN_UNUSED_VARIABLE = YES;
				IPHONEOS_DEPLOYMENT_TARGET = 9.3;
				MTL_ENABLE_DEBUG_INFO = NO;
				SDKROOT = iphoneos;
				VALIDATE_PRODUCT = YES;
			};
			name = Release;
		};
		8A4E91871CF95CC4001ED333 /* Debug */ = {
			isa = XCBuildConfiguration;
			buildSettings = {
				ASSETCATALOG_COMPILER_APPICON_NAME = AppIcon;
				INFOPLIST_FILE = CFDropDownMenuView/Info.plist;
				LD_RUNPATH_SEARCH_PATHS = "$(inherited) @executable_path/Frameworks";
				PRODUCT_BUNDLE_IDENTIFIER = com.CoderPeak.CFDropDownMenuView;
				PRODUCT_NAME = "$(TARGET_NAME)";
			};
			name = Debug;
		};
		8A4E91881CF95CC4001ED333 /* Release */ = {
			isa = XCBuildConfiguration;
			buildSettings = {
				ASSETCATALOG_COMPILER_APPICON_NAME = AppIcon;
				INFOPLIST_FILE = CFDropDownMenuView/Info.plist;
				LD_RUNPATH_SEARCH_PATHS = "$(inherited) @executable_path/Frameworks";
				PRODUCT_BUNDLE_IDENTIFIER = com.CoderPeak.CFDropDownMenuView;
				PRODUCT_NAME = "$(TARGET_NAME)";
			};
			name = Release;
		};
/* End XCBuildConfiguration section */

/* Begin XCConfigurationList section */
		8A4E916A1CF95CC4001ED333 /* Build configuration list for PBXProject "CFDropDownMenuView" */ = {
			isa = XCConfigurationList;
			buildConfigurations = (
				8A4E91841CF95CC4001ED333 /* Debug */,
				8A4E91851CF95CC4001ED333 /* Release */,
			);
			defaultConfigurationIsVisible = 0;
			defaultConfigurationName = Release;
		};
		8A4E91861CF95CC4001ED333 /* Build configuration list for PBXNativeTarget "CFDropDownMenuView" */ = {
			isa = XCConfigurationList;
			buildConfigurations = (
				8A4E91871CF95CC4001ED333 /* Debug */,
				8A4E91881CF95CC4001ED333 /* Release */,
			);
			defaultConfigurationIsVisible = 0;
			defaultConfigurationName = Release;
		};
/* End XCConfigurationList section */
	};
	rootObject = 8A4E91671CF95CC4001ED333 /* Project object */;
}
